
Microsoft Visual Studio Solution File, Format Version 12.00
# Visual Studio Version 17
VisualStudioVersion = 17.3.32922.545
MinimumVisualStudioVersion = 10.0.40219.1
Project("{8BC9CEB8-8B4A-11D0-8D11-00A0C91BC942}") = "Sunwoo", "Sunwoo\Sunwoo.vcxproj", "{B07EBA14-37F2-4178-AD89-15EDE68F51E3}"
EndProject
Global
	GlobalSection(SolutionConfigurationPlatforms) = preSolution
		Debug|x64 = Debug|x64
		Debug|x86 = Debug|x86
		Release|x64 = Release|x64
		Release|x86 = Release|x86
	EndGlobalSection
	GlobalSection(ProjectConfigurationPlatforms) = postSolution
		{B07EBA14-37F2-4178-AD89-15EDE68F51E3}.Debug|x64.ActiveCfg = Debug|x64
		{B07EBA14-37F2-4178-AD89-15EDE68F51E3}.Debug|x64.Build.0 = Debug|x64
		{B07EBA14-37F2-4178-AD89-15EDE68F51E3}.Debug|x86.ActiveCfg = Debug|Win32
		{B07EBA14-37F2-4178-AD89-15EDE68F51E3}.Debug|x86.Build.0 = Debug|Win32
		{B07EBA14-37F2-4178-AD89-15EDE68F51E3}.Release|x64.ActiveCfg = Release|x64
		{B07EBA14-37F2-4178-AD89-15EDE68F51E3}.Release|x64.Build.0 = Release|x64
		{B07EBA14-37F2-4178-AD89-15EDE68F51E3}.Release|x86.ActiveCfg = Release|Win32
		{B07EBA14-37F2-4178-AD89-15EDE68F51E3}.Release|x86.Build.0 = Release|Win32
	EndGlobalSection
	GlobalSection(SolutionProperties) = preSolution
		HideSolutionNode = FALSE
	EndGlobalSection
	GlobalSection(ExtensibilityGlobals) = postSolution
		SolutionGuid = {647AA6FA-4823-4C51-B85F-6A01AF1E6028}
	EndGlobalSection
EndGlobal
